
Microsoft Visual Studio Solution File, Format Version 12.00
Project("{FAE04EC0-301F-11D3-BF4B-00C04F79EFBC}") = "IoTDeviceSimulation", "IoTDeviceSimulation.csproj", "{EB24E1BB-219C-4519-8423-5DEB9714C622}"
EndProject
Global
	GlobalSection(SolutionConfigurationPlatforms) = preSolution
		Debug|Any CPU = Debug|Any CPU
		Release|Any CPU = Release|Any CPU
	EndGlobalSection
	GlobalSection(ProjectConfigurationPlatforms) = postSolution
		{EB24E1BB-219C-4519-8423-5DEB9714C622}.Debug|Any CPU.ActiveCfg = Debug|Any CPU
		{EB24E1BB-219C-4519-8423-5DEB9714C622}.Debug|Any CPU.Build.0 = Debug|Any CPU
		{EB24E1BB-219C-4519-8423-5DEB9714C622}.Release|Any CPU.ActiveCfg = Release|Any CPU
		{EB24E1BB-219C-4519-8423-5DEB9714C622}.Release|Any CPU.Build.0 = Release|Any CPU
	EndGlobalSection
EndGlobal
